// !$*UTF8*$!
{
	archiveVersion = 1;
	classes = {
	};
	objectVersion = 55;
	objects = {

/* Begin PBXBuildFile section */
		D009671E28D1F74D00055AF7 /* CollectionViewCell.swift in Sources */ = {isa = PBXBuildFile; fileRef = D009671C28D1F74D00055AF7 /* CollectionViewCell.swift */; };
		D009671F28D1F74D00055AF7 /* CollectionViewCell.xib in Resources */ = {isa = PBXBuildFile; fileRef = D009671D28D1F74D00055AF7 /* CollectionViewCell.xib */; };
		D009672128D1FC0500055AF7 /* Model.swift in Sources */ = {isa = PBXBuildFile; fileRef = D009672028D1FC0500055AF7 /* Model.swift */; };
		D01B683528D1B635001B216A /* AppDelegate.swift in Sources */ = {isa = PBXBuildFile; fileRef = D01B683428D1B635001B216A /* AppDelegate.swift */; };
		D01B683728D1B635001B216A /* SceneDelegate.swift in Sources */ = {isa = PBXBuildFile; fileRef = D01B683628D1B635001B216A /* SceneDelegate.swift */; };
		D01B683928D1B635001B216A /* ViewController.swift in Sources */ = {isa = PBXBuildFile; fileRef = D01B683828D1B635001B216A /* ViewController.swift */; };
		D01B683C28D1B636001B216A /* Main.storyboard in Resources */ = {isa = PBXBuildFile; fileRef = D01B683A28D1B636001B216A /* Main.storyboard */; };
		D01B683E28D1B639001B216A /* Assets.xcassets in Resources */ = {isa = PBXBuildFile; fileRef = D01B683D28D1B639001B216A /* Assets.xcassets */; };
		D01B684128D1B639001B216A /* LaunchScreen.storyboard in Resources */ = {isa = PBXBuildFile; fileRef = D01B683F28D1B639001B216A /* LaunchScreen.storyboard */; };
		D0F0D27F28D1D19200F7BE45 /* MainTabBarVC.swift in Sources */ = {isa = PBXBuildFile; fileRef = D0F0D27E28D1D19200F7BE45 /* MainTabBarVC.swift */; };
/* End PBXBuildFile section */

/* Begin PBXFileReference section */
		D009671C28D1F74D00055AF7 /* CollectionViewCell.swift */ = {isa = PBXFileReference; lastKnownFileType = sourcecode.swift; path = CollectionViewCell.swift; sourceTree = "<group>"; };
		D009671D28D1F74D00055AF7 /* CollectionViewCell.xib */ = {isa = PBXFileReference; lastKnownFileType = file.xib; path = CollectionViewCell.xib; sourceTree = "<group>"; };
		D009672028D1FC0500055AF7 /* Model.swift */ = {isa = PBXFileReference; lastKnownFileType = sourcecode.swift; path = Model.swift; sourceTree = "<group>"; };
		D01B683128D1B635001B216A /* BJMarket.app */ = {isa = PBXFileReference; explicitFileType = wrapper.application; includeInIndex = 0; path = BJMarket.app; sourceTree = BUILT_PRODUCTS_DIR; };
		D01B683428D1B635001B216A /* AppDelegate.swift */ = {isa = PBXFileReference; lastKnownFileType = sourcecode.swift; path = AppDelegate.swift; sourceTree = "<group>"; };
		D01B683628D1B635001B216A /* SceneDelegate.swift */ = {isa = PBXFileReference; lastKnownFileType = sourcecode.swift; path = SceneDelegate.swift; sourceTree = "<group>"; };
		D01B683828D1B635001B216A /* ViewController.swift */ = {isa = PBXFileReference; lastKnownFileType = sourcecode.swift; path = ViewController.swift; sourceTree = "<group>"; };
		D01B683B28D1B636001B216A /* Base */ = {isa = PBXFileReference; lastKnownFileType = file.storyboard; name = Base; path = Base.lproj/Main.storyboard; sourceTree = "<group>"; };
		D01B683D28D1B639001B216A /* Assets.xcassets */ = {isa = PBXFileReference; lastKnownFileType = folder.assetcatalog; path = Assets.xcassets; sourceTree = "<group>"; };
		D01B684028D1B639001B216A /* Base */ = {isa = PBXFileReference; lastKnownFileType = file.storyboard; name = Base; path = Base.lproj/LaunchScreen.storyboard; sourceTree = "<group>"; };
		D01B684228D1B639001B216A /* Info.plist */ = {isa = PBXFileReference; lastKnownFileType = text.plist.xml; path = Info.plist; sourceTree = "<group>"; };
		D0F0D27E28D1D19200F7BE45 /* MainTabBarVC.swift */ = {isa = PBXFileReference; lastKnownFileType = sourcecode.swift; path = MainTabBarVC.swift; sourceTree = "<group>"; };
/* End PBXFileReference section */

/* Begin PBXFrameworksBuildPhase section */
		D01B682E28D1B635001B216A /* Frameworks */ = {
			isa = PBXFrameworksBuildPhase;
			buildActionMask = 2147483647;
			files = (
			);
			runOnlyForDeploymentPostprocessing = 0;
		};
/* End PBXFrameworksBuildPhase section */

/* Begin PBXGroup section */
		D01B682828D1B635001B216A = {
			isa = PBXGroup;
			children = (
				D01B683328D1B635001B216A /* BJMarket */,
				D01B683228D1B635001B216A /* Products */,
			);
			sourceTree = "<group>";
		};
		D01B683228D1B635001B216A /* Products */ = {
			isa = PBXGroup;
			children = (
				D01B683128D1B635001B216A /* BJMarket.app */,
			);
			name = Products;
			sourceTree = "<group>";
		};
		D01B683328D1B635001B216A /* BJMarket */ = {
			isa = PBXGroup;
			children = (
				D01B683428D1B635001B216A /* AppDelegate.swift */,
				D01B683628D1B635001B216A /* SceneDelegate.swift */,
				D0F0D28028D1D19F00F7BE45 /* Tabbar */,
				D01B683828D1B635001B216A /* ViewController.swift */,
				D009672028D1FC0500055AF7 /* Model.swift */,
				D009671C28D1F74D00055AF7 /* CollectionViewCell.swift */,
				D009671D28D1F74D00055AF7 /* CollectionViewCell.xib */,
				D01B683A28D1B636001B216A /* Main.storyboard */,
				D01B683D28D1B639001B216A /* Assets.xcassets */,
				D01B683F28D1B639001B216A /* LaunchScreen.storyboard */,
				D01B684228D1B639001B216A /* Info.plist */,
			);
			path = BJMarket;
			sourceTree = "<group>";
		};
		D0F0D28028D1D19F00F7BE45 /* Tabbar */ = {
			isa = PBXGroup;
			children = (
				D0F0D27E28D1D19200F7BE45 /* MainTabBarVC.swift */,
			);
			path = Tabbar;
			sourceTree = "<group>";
		};
/* End PBXGroup section */

/* Begin PBXNativeTarget section */
		D01B683028D1B635001B216A /* BJMarket */ = {
			isa = PBXNativeTarget;
			buildConfigurationList = D01B684528D1B639001B216A /* Build configuration list for PBXNativeTarget "BJMarket" */;
			buildPhases = (
				D01B682D28D1B635001B216A /* Sources */,
				D01B682E28D1B635001B216A /* Frameworks */,
				D01B682F28D1B635001B216A /* Resources */,
			);
			buildRules = (
			);
			dependencies = (
			);
			name = BJMarket;
			productName = BJMarket;
			productReference = D01B683128D1B635001B216A /* BJMarket.app */;
			productType = "com.apple.product-type.application";
		};
/* End PBXNativeTarget section */

/* Begin PBXProject section */
		D01B682928D1B635001B216A /* Project object */ = {
			isa = PBXProject;
			attributes = {
				BuildIndependentTargetsInParallel = 1;
				LastSwiftUpdateCheck = 1340;
				LastUpgradeCheck = 1340;
				TargetAttributes = {
					D01B683028D1B635001B216A = {
						CreatedOnToolsVersion = 13.4.1;
					};
				};
			};
			buildConfigurationList = D01B682C28D1B635001B216A /* Build configuration list for PBXProject "BJMarket" */;
			compatibilityVersion = "Xcode 13.0";
			developmentRegion = en;
			hasScannedForEncodings = 0;
			knownRegions = (
				en,
				Base,
			);
			mainGroup = D01B682828D1B635001B216A;
			productRefGroup = D01B683228D1B635001B216A /* Products */;
			projectDirPath = "";
			projectRoot = "";
			targets = (
				D01B683028D1B635001B216A /* BJMarket */,
			);
		};
/* End PBXProject section */

/* Begin PBXResourcesBuildPhase section */
		D01B682F28D1B635001B216A /* Resources */ = {
			isa = PBXResourcesBuildPhase;
			buildActionMask = 2147483647;
			files = (
				D01B684128D1B639001B216A /* LaunchScreen.storyboard in Resources */,
				D01B683E28D1B639001B216A /* Assets.xcassets in Resources */,
				D009671F28D1F74D00055AF7 /* CollectionViewCell.xib in Resources */,
				D01B683C28D1B636001B216A /* Main.storyboard in Resources */,
			);
			runOnlyForDeploymentPostprocessing = 0;
		};
/* End PBXResourcesBuildPhase section */

/* Begin PBXSourcesBuildPhase section */
		D01B682D28D1B635001B216A /* Sources */ = {
			isa = PBXSourcesBuildPhase;
			buildActionMask = 2147483647;
			files = (
				D009671E28D1F74D00055AF7 /* CollectionViewCell.swift in Sources */,
				D01B683928D1B635001B216A /* ViewController.swift in Sources */,
				D01B683528D1B635001B216A /* AppDelegate.swift in Sources */,
				D009672128D1FC0500055AF7 /* Model.swift in Sources */,
				D01B683728D1B635001B216A /* SceneDelegate.swift in Sources */,
				D0F0D27F28D1D19200F7BE45 /* MainTabBarVC.swift in Sources */,
			);
			runOnlyForDeploymentPostprocessing = 0;
		};
/* End PBXSourcesBuildPhase section */

/* Begin PBXVariantGroup section */
		D01B683A28D1B636001B216A /* Main.storyboard */ = {
			isa = PBXVariantGroup;
			children = (
				D01B683B28D1B636001B216A /* Base */,
			);
			name = Main.storyboard;
			sourceTree = "<group>";
		};
		D01B683F28D1B639001B216A /* LaunchScreen.storyboard */ = {
			isa = PBXVariantGroup;
			children = (
				D01B684028D1B639001B216A /* Base */,
			);
			name = LaunchScreen.storyboard;
			sourceTree = "<group>";
		};
/* End PBXVariantGroup section */

/* Begin XCBuildConfiguration section */
		D01B684328D1B639001B216A /* Debug */ = {
			isa = XCBuildConfiguration;
			buildSettings = {
				ALWAYS_SEARCH_USER_PATHS = NO;
				CLANG_ANALYZER_NONNULL = YES;
				CLANG_ANALYZER_NUMBER_OBJECT_CONVERSION = YES_AGGRESSIVE;
				CLANG_CXX_LANGUAGE_STANDARD = "gnu++17";
				CLANG_ENABLE_MODULES = YES;
				CLANG_ENABLE_OBJC_ARC = YES;
				CLANG_ENABLE_OBJC_WEAK = YES;
				CLANG_WARN_BLOCK_CAPTURE_AUTORELEASING = YES;
				CLANG_WARN_BOOL_CONVERSION = YES;
				CLANG_WARN_COMMA = YES;
				CLANG_WARN_CONSTANT_CONVERSION = YES;
				CLANG_WARN_DEPRECATED_OBJC_IMPLEMENTATIONS = YES;
				CLANG_WARN_DIRECT_OBJC_ISA_USAGE = YES_ERROR;
				CLANG_WARN_DOCUMENTATION_COMMENTS = YES;
				CLANG_WARN_EMPTY_BODY = YES;
				CLANG_WARN_ENUM_CONVERSION = YES;
				CLANG_WARN_INFINITE_RECURSION = YES;
				CLANG_WARN_INT_CONVERSION = YES;
				CLANG_WARN_NON_LITERAL_NULL_CONVERSION = YES;
				CLANG_WARN_OBJC_IMPLICIT_RETAIN_SELF = YES;
				CLANG_WARN_OBJC_LITERAL_CONVERSION = YES;
				CLANG_WARN_OBJC_ROOT_CLASS = YES_ERROR;
				CLANG_WARN_QUOTED_INCLUDE_IN_FRAMEWORK_HEADER = YES;
				CLANG_WARN_RANGE_LOOP_ANALYSIS = YES;
				CLANG_WARN_STRICT_PROTOTYPES = YES;
				CLANG_WARN_SUSPICIOUS_MOVE = YES;
				CLANG_WARN_UNGUARDED_AVAILABILITY = YES_AGGRESSIVE;
				CLANG_WARN_UNREACHABLE_CODE = YES;
				CLANG_WARN__DUPLICATE_METHOD_MATCH = YES;
				COPY_PHASE_STRIP = NO;
				DEBUG_INFORMATION_FORMAT = dwarf;
				ENABLE_STRICT_OBJC_MSGSEND = YES;
				ENABLE_TESTABILITY = YES;
				GCC_C_LANGUAGE_STANDARD = gnu11;
				GCC_DYNAMIC_NO_PIC = NO;
				GCC_NO_COMMON_BLOCKS = YES;
				GCC_OPTIMIZATION_LEVEL = 0;
				GCC_PREPROCESSOR_DEFINITIONS = (
					"DEBUG=1",
					"$(inherited)",
				);
				GCC_WARN_64_TO_32_BIT_CONVERSION = YES;
				GCC_WARN_ABOUT_RETURN_TYPE = YES_ERROR;
				GCC_WARN_UNDECLARED_SELECTOR = YES;
				GCC_WARN_UNINITIALIZED_AUTOS = YES_AGGRESSIVE;
				GCC_WARN_UNUSED_FUNCTION = YES;
				GCC_WARN_UNUSED_VARIABLE = YES;
				IPHONEOS_DEPLOYMENT_TARGET = 14.0;
				MTL_ENABLE_DEBUG_INFO = INCLUDE_SOURCE;
				MTL_FAST_MATH = YES;
				ONLY_ACTIVE_ARCH = YES;
				SDKROOT = iphoneos;
				SWIFT_ACTIVE_COMPILATION_CONDITIONS = DEBUG;
				SWIFT_OPTIMIZATION_LEVEL = "-Onone";
			};
			name = Debug;
		};
		D01B684428D1B639001B216A /* Release */ = {
			isa = XCBuildConfiguration;
			buildSettings = {
				ALWAYS_SEARCH_USER_PATHS = NO;
				CLANG_ANALYZER_NONNULL = YES;
				CLANG_ANALYZER_NUMBER_OBJECT_CONVERSION = YES_AGGRESSIVE;
				CLANG_CXX_LANGUAGE_STANDARD = "gnu++17";
				CLANG_ENABLE_MODULES = YES;
				CLANG_ENABLE_OBJC_ARC = YES;
				CLANG_ENABLE_OBJC_WEAK = YES;
				CLANG_WARN_BLOCK_CAPTURE_AUTORELEASING = YES;
				CLANG_WARN_BOOL_CONVERSION = YES;
				CLANG_WARN_COMMA = YES;
				CLANG_WARN_CONSTANT_CONVERSION = YES;
				CLANG_WARN_DEPRECATED_OBJC_IMPLEMENTATIONS = YES;
				CLANG_WARN_DIRECT_OBJC_ISA_USAGE = YES_ERROR;
				CLANG_WARN_DOCUMENTATION_COMMENTS = YES;
				CLANG_WARN_EMPTY_BODY = YES;
				CLANG_WARN_ENUM_CONVERSION = YES;
				CLANG_WARN_INFINITE_RECURSION = YES;
				CLANG_WARN_INT_CONVERSION = YES;
				CLANG_WARN_NON_LITERAL_NULL_CONVERSION = YES;
				CLANG_WARN_OBJC_IMPLICIT_RETAIN_SELF = YES;
				CLANG_WARN_OBJC_LITERAL_CONVERSION = YES;
				CLANG_WARN_OBJC_ROOT_CLASS = YES_ERROR;
				CLANG_WARN_QUOTED_INCLUDE_IN_FRAMEWORK_HEADER = YES;
				CLANG_WARN_RANGE_LOOP_ANALYSIS = YES;
				CLANG_WARN_STRICT_PROTOTYPES = YES;
				CLANG_WARN_SUSPICIOUS_MOVE = YES;
				CLANG_WARN_UNGUARDED_AVAILABILITY = YES_AGGRESSIVE;
				CLANG_WARN_UNREACHABLE_CODE = YES;
				CLANG_WARN__DUPLICATE_METHOD_MATCH = YES;
				COPY_PHASE_STRIP = NO;
				DEBUG_INFORMATION_FORMAT = "dwarf-with-dsym";
				ENABLE_NS_ASSERTIONS = NO;
				ENABLE_STRICT_OBJC_MSGSEND = YES;
				GCC_C_LANGUAGE_STANDARD = gnu11;
				GCC_NO_COMMON_BLOCKS = YES;
				GCC_WARN_64_TO_32_BIT_CONVERSION = YES;
				GCC_WARN_ABOUT_RETURN_TYPE = YES_ERROR;
				GCC_WARN_UNDECLARED_SELECTOR = YES;
				GCC_WARN_UNINITIALIZED_AUTOS = YES_AGGRESSIVE;
				GCC_WARN_UNUSED_FUNCTION = YES;
				GCC_WARN_UNUSED_VARIABLE = YES;
				IPHONEOS_DEPLOYMENT_TARGET = 14.0;
				MTL_ENABLE_DEBUG_INFO = NO;
				MTL_FAST_MATH = YES;
				SDKROOT = iphoneos;
				SWIFT_COMPILATION_MODE = wholemodule;
				SWIFT_OPTIMIZATION_LEVEL = "-O";
				VALIDATE_PRODUCT = YES;
			};
			name = Release;
		};
		D01B684628D1B639001B216A /* Debug */ = {
			isa = XCBuildConfiguration;
			buildSettings = {
				ASSETCATALOG_COMPILER_APPICON_NAME = AppIcon;
				ASSETCATALOG_COMPILER_GLOBAL_ACCENT_COLOR_NAME = AccentColor;
				CODE_SIGN_STYLE = Automatic;
				CURRENT_PROJECT_VERSION = 1;
				DEVELOPMENT_TEAM = Z7Y6QV42C3;
				GENERATE_INFOPLIST_FILE = YES;
				INFOPLIST_FILE = BJMarket/Info.plist;
				INFOPLIST_KEY_UIApplicationSupportsIndirectInputEvents = YES;
				INFOPLIST_KEY_UILaunchStoryboardName = LaunchScreen;
				INFOPLIST_KEY_UIMainStoryboardFile = Main;
				INFOPLIST_KEY_UISupportedInterfaceOrientations_iPad = "UIInterfaceOrientationPortrait UIInterfaceOrientationPortraitUpsideDown UIInterfaceOrientationLandscapeLeft UIInterfaceOrientationLandscapeRight";
				INFOPLIST_KEY_UISupportedInterfaceOrientations_iPhone = "UIInterfaceOrientationPortrait UIInterfaceOrientationLandscapeLeft UIInterfaceOrientationLandscapeRight";
				LD_RUNPATH_SEARCH_PATHS = (
					"$(inherited)",
					"@executable_path/Frameworks",
				);
				MARKETING_VERSION = 1.0;
				PRODUCT_BUNDLE_IDENTIFIER = com.DM.BJMarket;
				PRODUCT_NAME = "$(TARGET_NAME)";
				SWIFT_EMIT_LOC_STRINGS = YES;
				SWIFT_VERSION = 5.0;
				TARGETED_DEVICE_FAMILY = "1,2";
			};
			name = Debug;
		};
		D01B684728D1B639001B216A /* Release */ = {
			isa = XCBuildConfiguration;
			buildSettings = {
				ASSETCATALOG_COMPILER_APPICON_NAME = AppIcon;
				ASSETCATALOG_COMPILER_GLOBAL_ACCENT_COLOR_NAME = AccentColor;
				CODE_SIGN_STYLE = Automatic;
				CURRENT_PROJECT_VERSION = 1;
				DEVELOPMENT_TEAM = Z7Y6QV42C3;
				GENERATE_INFOPLIST_FILE = YES;
				INFOPLIST_FILE = BJMarket/Info.plist;
				INFOPLIST_KEY_UIApplicationSupportsIndirectInputEvents = YES;
				INFOPLIST_KEY_UILaunchStoryboardName = LaunchScreen;
				INFOPLIST_KEY_UIMainStoryboardFile = Main;
				INFOPLIST_KEY_UISupportedInterfaceOrientations_iPad = "UIInterfaceOrientationPortrait UIInterfaceOrientationPortraitUpsideDown UIInterfaceOrientationLandscapeLeft UIInterfaceOrientationLandscapeRight";
				INFOPLIST_KEY_UISupportedInterfaceOrientations_iPhone = "UIInterfaceOrientationPortrait UIInterfaceOrientationLandscapeLeft UIInterfaceOrientationLandscapeRight";
				LD_RUNPATH_SEARCH_PATHS = (
					"$(inherited)",
					"@executable_path/Frameworks",
				);
				MARKETING_VERSION = 1.0;
				PRODUCT_BUNDLE_IDENTIFIER = com.DM.BJMarket;
				PRODUCT_NAME = "$(TARGET_NAME)";
				SWIFT_EMIT_LOC_STRINGS = YES;
				SWIFT_VERSION = 5.0;
				TARGETED_DEVICE_FAMILY = "1,2";
			};
			name = Release;
		};
/* End XCBuildConfiguration section */

/* Begin XCConfigurationList section */
		D01B682C28D1B635001B216A /* Build configuration list for PBXProject "BJMarket" */ = {
			isa = XCConfigurationList;
			buildConfigurations = (
				D01B684328D1B639001B216A /* Debug */,
				D01B684428D1B639001B216A /* Release */,
			);
			defaultConfigurationIsVisible = 0;
			defaultConfigurationName = Release;
		};
		D01B684528D1B639001B216A /* Build configuration list for PBXNativeTarget "BJMarket" */ = {
			isa = XCConfigurationList;
			buildConfigurations = (
				D01B684628D1B639001B216A /* Debug */,
				D01B684728D1B639001B216A /* Release */,
			);
			defaultConfigurationIsVisible = 0;
			defaultConfigurationName = Release;
		};
/* End XCConfigurationList section */
	};
	rootObject = D01B682928D1B635001B216A /* Project object */;
}
